# THIS IS AN AUTOGENERATED FILE. DO NOT EDIT THIS FILE DIRECTLY.
# yarn lockfile v1


"@bugsnag/browser-performance@^2.11.0":
  version "2.11.0"
  resolved "https://registry.npmjs.org/@bugsnag/browser-performance/-/browser-performance-2.11.0.tgz"
  integrity sha512-gsquN6PytYONtGkZtNocoZhtsJ6A59V7qBMWaA3GNTuivMrujXgw33haqWplJK+Zx0GeOFldDIH3voFmVf8BVA==
  dependencies:
    "@bugsnag/core-performance" "^2.11.0"
    "@bugsnag/cuid" "^3.1.1"
    "@bugsnag/delivery-fetch-performance" "^2.11.0"
    "@bugsnag/request-tracker-performance" "^2.11.0"

"@bugsnag/browser@^8.2.0":
  version "8.2.0"
  resolved "https://registry.npmjs.org/@bugsnag/browser/-/browser-8.2.0.tgz"
  integrity sha512-C4BfE3eVsjOAqoXbdrPXfKbgp/hz2H7mKBU0p11Jf9uz+5gUCfZK+39JLrQKvRXwqoDcTlBSfz9Xz5kXLyHg2Q==
  dependencies:
    "@bugsnag/core" "^8.2.0"

"@bugsnag/core-performance@^2.11.0":
  version "2.11.0"
  resolved "https://registry.npmjs.org/@bugsnag/core-performance/-/core-performance-2.11.0.tgz"
  integrity sha512-aRsJP0e/EbCS1Ih306B1AtgKDb3cVR/IzwksKT5OPS6s6Pu1bWehaG8befsKoEZtRiMfAkmmZWCgIdigYK7yVw==
  dependencies:
    "@bugsnag/cuid" "^3.1.1"

"@bugsnag/core@^8.0.0", "@bugsnag/core@^8.2.0":
  version "8.2.0"
  resolved "https://registry.npmjs.org/@bugsnag/core/-/core-8.2.0.tgz"
  integrity sha512-dFSs80ZwJ508nlC6UTLTUMdHgTaHY5UKvMiuHqstCQrQrOjqFcIv+x4o+l2WrSyOpoYhHAxDlKfzKN8AjwslQw==
  dependencies:
    "@bugsnag/cuid" "^3.0.0"
    "@bugsnag/safe-json-stringify" "^6.0.0"
    error-stack-parser "^2.0.3"
    iserror "^0.0.2"
    stack-generator "^2.0.3"

"@bugsnag/cuid@^3.0.0", "@bugsnag/cuid@^3.1.1":
  version "3.2.1"
  resolved "https://registry.npmjs.org/@bugsnag/cuid/-/cuid-3.2.1.tgz"
  integrity sha512-zpvN8xQ5rdRWakMd/BcVkdn2F8HKlDSbM3l7duueK590WmI1T0ObTLc1V/1e55r14WNjPd5AJTYX4yPEAFVi+Q==

"@bugsnag/delivery-fetch-performance@^2.11.0":
  version "2.11.0"
  resolved "https://registry.npmjs.org/@bugsnag/delivery-fetch-performance/-/delivery-fetch-performance-2.11.0.tgz"
  integrity sha512-GkfxV3c7Ok4dQXLZlteoBjfDrrwXIipEX+ltE+ku8bVdqrAZwpNz146MehxPqsX5cEwzpLUIVJCPmN0Y8kNGaA==
  dependencies:
    "@bugsnag/core-performance" "^2.11.0"

"@bugsnag/js@^8.2.0":
  version "8.2.0"
  resolved "https://registry.npmjs.org/@bugsnag/js/-/js-8.2.0.tgz"
  integrity sha512-DTtQwV1Ly5VXSOnVtzW8gSwB+ld3qIc/h0yMS836DEYUfA3V9JPwJE3+2EbD8Ea2ogkDWZ+a0jl0SNSNGiOmfA==
  dependencies:
    "@bugsnag/browser" "^8.2.0"
    "@bugsnag/node" "^8.2.0"

"@bugsnag/node@^8.2.0":
  version "8.2.0"
  resolved "https://registry.npmjs.org/@bugsnag/node/-/node-8.2.0.tgz"
  integrity sha512-6XC/KgX61m6YFgsBQP/GaH1UzlJkJmpi3AwlZQLsXloRh3O9lM/0EIk6+2sZm+vlz+GwxCFavcuIDgVmH/qi7Q==
  dependencies:
    "@bugsnag/core" "^8.2.0"
    byline "^5.0.0"
    error-stack-parser "^2.0.3"
    iserror "^0.0.2"
    pump "^3.0.0"
    stack-generator "^2.0.3"

"@bugsnag/plugin-react@^8.2.0":
  version "8.2.0"
  resolved "https://registry.npmjs.org/@bugsnag/plugin-react/-/plugin-react-8.2.0.tgz"
  integrity sha512-N3Ol8dUMzAV/SxKDUBEmzgw/7z1BuGsuOiEJeXGQQqiC3zkHD33Nvj1G4F+1Gb2NLqpEJHlE3Bbtu/Iqtl2bmg==

"@bugsnag/request-tracker-performance@^2.11.0":
  version "2.11.0"
  resolved "https://registry.npmjs.org/@bugsnag/request-tracker-performance/-/request-tracker-performance-2.11.0.tgz"
  integrity sha512-ZEBeiN+LNCxBPEdSY8p7Q7yCxVaQip4chfHi+jPBXZHG47MQ6kiCX/js9ZVjZU41d7Cdsb+4uiP08J2iJdOO2g==
  dependencies:
    "@bugsnag/core-performance" "^2.11.0"

"@bugsnag/safe-json-stringify@^6.0.0":
  version "6.0.0"
  resolved "https://registry.npmjs.org/@bugsnag/safe-json-stringify/-/safe-json-stringify-6.0.0.tgz"
  integrity sha512-htzFO1Zc57S8kgdRK9mLcPVTW1BY2ijfH7Dk2CeZmspTWKdKqSo1iwmqrq2WtRjFlo8aRZYgLX0wFrDXF/9DLA==

byline@^5.0.0:
  version "5.0.0"
  resolved "https://registry.npmjs.org/byline/-/byline-5.0.0.tgz"
  integrity sha512-s6webAy+R4SR8XVuJWt2V2rGvhnrhxN+9S15GNuTK3wKPOXFF6RNc+8ug2XhH+2s4f+uudG4kUVYmYOQWL2g0Q==

end-of-stream@^1.1.0:
  version "1.4.4"
  resolved "https://registry.npmjs.org/end-of-stream/-/end-of-stream-1.4.4.tgz"
  integrity sha512-+uw1inIHVPQoaVuHzRyXd21icM+cnt4CzD5rW+NC1wjOUSTOs+Te7FOv7AhN7vS9x/oIyhLP5PR1H+phQAHu5Q==
  dependencies:
    once "^1.4.0"

error-stack-parser@^2.0.3:
  version "2.1.4"
  resolved "https://registry.npmjs.org/error-stack-parser/-/error-stack-parser-2.1.4.tgz"
  integrity sha512-Sk5V6wVazPhq5MhpO+AUxJn5x7XSXGl1R93Vn7i+zS15KDVxQijejNCrz8340/2bgLBjR9GtEG8ZVKONDjcqGQ==
  dependencies:
    stackframe "^1.3.4"

iserror@^0.0.2:
  version "0.0.2"
  resolved "https://registry.npmjs.org/iserror/-/iserror-0.0.2.tgz"
  integrity sha512-oKGGrFVaWwETimP3SiWwjDeY27ovZoyZPHtxblC4hCq9fXxed/jasx+ATWFFjCVSRZng8VTMsN1nDnGo6zMBSw==

once@^1.3.1, once@^1.4.0:
  version "1.4.0"
  resolved "https://registry.npmjs.org/once/-/once-1.4.0.tgz"
  integrity sha512-lNaJgI+2Q5URQBkccEKHTQOPaXdUxnZZElQTZY0MFUAuaEqe1E+Nyvgdz/aIyNi6Z9MzO5dv1H8n58/GELp3+w==
  dependencies:
    wrappy "1"

pump@^3.0.0:
  version "3.0.2"
  resolved "https://registry.npmjs.org/pump/-/pump-3.0.2.tgz"
  integrity sha512-tUPXtzlGM8FE3P0ZL6DVs/3P58k9nk8/jZeQCurTJylQA8qFYzHFfhBJkuqyE0FifOsQ0uKWekiZ5g8wtr28cw==
  dependencies:
    end-of-stream "^1.1.0"
    once "^1.3.1"

stack-generator@^2.0.3:
  version "2.0.10"
  resolved "https://registry.npmjs.org/stack-generator/-/stack-generator-2.0.10.tgz"
  integrity sha512-mwnua/hkqM6pF4k8SnmZ2zfETsRUpWXREfA/goT8SLCV4iOFa4bzOX2nDipWAZFPTjLvQB82f5yaodMVhK0yJQ==
  dependencies:
    stackframe "^1.3.4"

stackframe@^1.3.4:
  version "1.3.4"
  resolved "https://registry.npmjs.org/stackframe/-/stackframe-1.3.4.tgz"
  integrity sha512-oeVtt7eWQS+Na6F//S4kJ2K2VbRlS9D43mAlMyVpVWovy9o+jfgH8O9agzANzaiLjclA0oYzUXEM4PurhSUChw==

wrappy@1:
  version "1.0.2"
  resolved "https://registry.npmjs.org/wrappy/-/wrappy-1.0.2.tgz"
  integrity sha512-l4Sp/DRseor9wL6EvV2+TuQn63dMkPjZ/sp9XkghTEbV9KlPS1xUsZ3u7/IQO4wxtcFB4bgpQPRcR3QCvezPcQ==
