# THIS IS AN AUTOGENERATED FILE. DO NOT EDIT THIS FILE DIRECTLY.
# yarn lockfile v1


"@bugsnag/browser-performance@^2.11.0":
  version "2.11.0"
  resolved "https://registry.yarnpkg.com/@bugsnag/browser-performance/-/browser-performance-2.11.0.tgz#b745e8b26999ecbdba0d20d4ae94e1da4790c83f"
  integrity sha512-gsquN6PytYONtGkZtNocoZhtsJ6A59V7qBMWaA3GNTuivMrujXgw33haqWplJK+Zx0GeOFldDIH3voFmVf8BVA==
  dependencies:
    "@bugsnag/core-performance" "^2.11.0"
    "@bugsnag/cuid" "^3.1.1"
    "@bugsnag/delivery-fetch-performance" "^2.11.0"
    "@bugsnag/request-tracker-performance" "^2.11.0"

"@bugsnag/browser@^8.2.0":
  version "8.2.0"
  resolved "https://registry.yarnpkg.com/@bugsnag/browser/-/browser-8.2.0.tgz#75b26b9bebcf569c8dd0c27237213f23bcf58852"
  integrity sha512-C4BfE3eVsjOAqoXbdrPXfKbgp/hz2H7mKBU0p11Jf9uz+5gUCfZK+39JLrQKvRXwqoDcTlBSfz9Xz5kXLyHg2Q==
  dependencies:
    "@bugsnag/core" "^8.2.0"

"@bugsnag/core-performance@^2.11.0":
  version "2.11.0"
  resolved "https://registry.yarnpkg.com/@bugsnag/core-performance/-/core-performance-2.11.0.tgz#cf39ff9d0a4a11a67190b81481332a6fc4dc5524"
  integrity sha512-aRsJP0e/EbCS1Ih306B1AtgKDb3cVR/IzwksKT5OPS6s6Pu1bWehaG8befsKoEZtRiMfAkmmZWCgIdigYK7yVw==
  dependencies:
    "@bugsnag/cuid" "^3.1.1"

"@bugsnag/core@^8.2.0":
  version "8.2.0"
  resolved "https://registry.yarnpkg.com/@bugsnag/core/-/core-8.2.0.tgz#0fb96fb33036d1552a613a7e8bb67ffe1a5eab2c"
  integrity sha512-dFSs80ZwJ508nlC6UTLTUMdHgTaHY5UKvMiuHqstCQrQrOjqFcIv+x4o+l2WrSyOpoYhHAxDlKfzKN8AjwslQw==
  dependencies:
    "@bugsnag/cuid" "^3.0.0"
    "@bugsnag/safe-json-stringify" "^6.0.0"
    error-stack-parser "^2.0.3"
    iserror "^0.0.2"
    stack-generator "^2.0.3"

"@bugsnag/cuid@^3.0.0", "@bugsnag/cuid@^3.1.1":
  version "3.2.1"
  resolved "https://registry.yarnpkg.com/@bugsnag/cuid/-/cuid-3.2.1.tgz#e0b2ec12bfeb51ed9c85900b12f58d5b8c253249"
  integrity sha512-zpvN8xQ5rdRWakMd/BcVkdn2F8HKlDSbM3l7duueK590WmI1T0ObTLc1V/1e55r14WNjPd5AJTYX4yPEAFVi+Q==

"@bugsnag/delivery-fetch-performance@^2.11.0":
  version "2.11.0"
  resolved "https://registry.yarnpkg.com/@bugsnag/delivery-fetch-performance/-/delivery-fetch-performance-2.11.0.tgz#d99b55f97ba7268d53dd409bf5f71a2a3351305f"
  integrity sha512-GkfxV3c7Ok4dQXLZlteoBjfDrrwXIipEX+ltE+ku8bVdqrAZwpNz146MehxPqsX5cEwzpLUIVJCPmN0Y8kNGaA==
  dependencies:
    "@bugsnag/core-performance" "^2.11.0"

"@bugsnag/js@^8.2.0":
  version "8.2.0"
  resolved "https://registry.yarnpkg.com/@bugsnag/js/-/js-8.2.0.tgz#0fe5507a6c0d9e0d29c99ba7cd4e9e3bc31f52de"
  integrity sha512-DTtQwV1Ly5VXSOnVtzW8gSwB+ld3qIc/h0yMS836DEYUfA3V9JPwJE3+2EbD8Ea2ogkDWZ+a0jl0SNSNGiOmfA==
  dependencies:
    "@bugsnag/browser" "^8.2.0"
    "@bugsnag/node" "^8.2.0"

"@bugsnag/node@^8.2.0":
  version "8.2.0"
  resolved "https://registry.yarnpkg.com/@bugsnag/node/-/node-8.2.0.tgz#f2c7e4605554bdb51d7084be0524a950e080faec"
  integrity sha512-6XC/KgX61m6YFgsBQP/GaH1UzlJkJmpi3AwlZQLsXloRh3O9lM/0EIk6+2sZm+vlz+GwxCFavcuIDgVmH/qi7Q==
  dependencies:
    "@bugsnag/core" "^8.2.0"
    byline "^5.0.0"
    error-stack-parser "^2.0.3"
    iserror "^0.0.2"
    pump "^3.0.0"
    stack-generator "^2.0.3"

"@bugsnag/plugin-react@^8.2.0":
  version "8.2.0"
  resolved "https://registry.yarnpkg.com/@bugsnag/plugin-react/-/plugin-react-8.2.0.tgz#00bbb30dc39ef73c16f3a0bd19498ab416975c3a"
  integrity sha512-N3Ol8dUMzAV/SxKDUBEmzgw/7z1BuGsuOiEJeXGQQqiC3zkHD33Nvj1G4F+1Gb2NLqpEJHlE3Bbtu/Iqtl2bmg==

"@bugsnag/request-tracker-performance@^2.11.0":
  version "2.11.0"
  resolved "https://registry.yarnpkg.com/@bugsnag/request-tracker-performance/-/request-tracker-performance-2.11.0.tgz#0fd862141b48d45969b9f67ea7250108682f9469"
  integrity sha512-ZEBeiN+LNCxBPEdSY8p7Q7yCxVaQip4chfHi+jPBXZHG47MQ6kiCX/js9ZVjZU41d7Cdsb+4uiP08J2iJdOO2g==
  dependencies:
    "@bugsnag/core-performance" "^2.11.0"

"@bugsnag/safe-json-stringify@^6.0.0":
  version "6.0.0"
  resolved "https://registry.yarnpkg.com/@bugsnag/safe-json-stringify/-/safe-json-stringify-6.0.0.tgz#22abdcd83e008c369902976730c34c150148a758"
  integrity sha512-htzFO1Zc57S8kgdRK9mLcPVTW1BY2ijfH7Dk2CeZmspTWKdKqSo1iwmqrq2WtRjFlo8aRZYgLX0wFrDXF/9DLA==

byline@^5.0.0:
  version "5.0.0"
  resolved "https://registry.yarnpkg.com/byline/-/byline-5.0.0.tgz#741c5216468eadc457b03410118ad77de8c1ddb1"
  integrity sha512-s6webAy+R4SR8XVuJWt2V2rGvhnrhxN+9S15GNuTK3wKPOXFF6RNc+8ug2XhH+2s4f+uudG4kUVYmYOQWL2g0Q==

end-of-stream@^1.1.0:
  version "1.4.4"
  resolved "https://registry.yarnpkg.com/end-of-stream/-/end-of-stream-1.4.4.tgz#5ae64a5f45057baf3626ec14da0ca5e4b2431eb0"
  integrity sha512-+uw1inIHVPQoaVuHzRyXd21icM+cnt4CzD5rW+NC1wjOUSTOs+Te7FOv7AhN7vS9x/oIyhLP5PR1H+phQAHu5Q==
  dependencies:
    once "^1.4.0"

error-stack-parser@^2.0.3:
  version "2.1.4"
  resolved "https://registry.yarnpkg.com/error-stack-parser/-/error-stack-parser-2.1.4.tgz#229cb01cdbfa84440bfa91876285b94680188286"
  integrity sha512-Sk5V6wVazPhq5MhpO+AUxJn5x7XSXGl1R93Vn7i+zS15KDVxQijejNCrz8340/2bgLBjR9GtEG8ZVKONDjcqGQ==
  dependencies:
    stackframe "^1.3.4"

iserror@^0.0.2:
  version "0.0.2"
  resolved "https://registry.yarnpkg.com/iserror/-/iserror-0.0.2.tgz#bd53451fe2f668b9f2402c1966787aaa2c7c0bf5"
  integrity sha512-oKGGrFVaWwETimP3SiWwjDeY27ovZoyZPHtxblC4hCq9fXxed/jasx+ATWFFjCVSRZng8VTMsN1nDnGo6zMBSw==

once@^1.3.1, once@^1.4.0:
  version "1.4.0"
  resolved "https://registry.yarnpkg.com/once/-/once-1.4.0.tgz#583b1aa775961d4b113ac17d9c50baef9dd76bd1"
  integrity sha512-lNaJgI+2Q5URQBkccEKHTQOPaXdUxnZZElQTZY0MFUAuaEqe1E+Nyvgdz/aIyNi6Z9MzO5dv1H8n58/GELp3+w==
  dependencies:
    wrappy "1"

pump@^3.0.0:
  version "3.0.2"
  resolved "https://registry.yarnpkg.com/pump/-/pump-3.0.2.tgz#836f3edd6bc2ee599256c924ffe0d88573ddcbf8"
  integrity sha512-tUPXtzlGM8FE3P0ZL6DVs/3P58k9nk8/jZeQCurTJylQA8qFYzHFfhBJkuqyE0FifOsQ0uKWekiZ5g8wtr28cw==
  dependencies:
    end-of-stream "^1.1.0"
    once "^1.3.1"

stack-generator@^2.0.3:
  version "2.0.10"
  resolved "https://registry.yarnpkg.com/stack-generator/-/stack-generator-2.0.10.tgz#8ae171e985ed62287d4f1ed55a1633b3fb53bb4d"
  integrity sha512-mwnua/hkqM6pF4k8SnmZ2zfETsRUpWXREfA/goT8SLCV4iOFa4bzOX2nDipWAZFPTjLvQB82f5yaodMVhK0yJQ==
  dependencies:
    stackframe "^1.3.4"

stackframe@^1.3.4:
  version "1.3.4"
  resolved "https://registry.yarnpkg.com/stackframe/-/stackframe-1.3.4.tgz#b881a004c8c149a5e8efef37d51b16e412943310"
  integrity sha512-oeVtt7eWQS+Na6F//S4kJ2K2VbRlS9D43mAlMyVpVWovy9o+jfgH8O9agzANzaiLjclA0oYzUXEM4PurhSUChw==

wrappy@1:
  version "1.0.2"
  resolved "https://registry.yarnpkg.com/wrappy/-/wrappy-1.0.2.tgz#b5243d8f3ec1aa35f1364605bc0d1036e30ab69f"
  integrity sha512-l4Sp/DRseor9wL6EvV2+TuQn63dMkPjZ/sp9XkghTEbV9KlPS1xUsZ3u7/IQO4wxtcFB4bgpQPRcR3QCvezPcQ==
